
Microsoft Visual Studio Solution File, Format Version 12.00
# Visual Studio Version 17
VisualStudioVersion = 17.7.34202.233
MinimumVisualStudioVersion = 10.0.40219.1
Project("{FAE04EC0-301F-11D3-BF4B-00C04F79EFBC}") = "dental_clinic_automation", "dental_clinic_automation\dental_clinic_automation.csproj", "{AA637B7F-D732-4C68-95E5-25B4B1DF115B}"
EndProject
Global
	GlobalSection(SolutionConfigurationPlatforms) = preSolution
		Debug|Any CPU = Debug|Any CPU
		Release|Any CPU = Release|Any CPU
	EndGlobalSection
	GlobalSection(ProjectConfigurationPlatforms) = postSolution
		{AA637B7F-D732-4C68-95E5-25B4B1DF115B}.Debug|Any CPU.ActiveCfg = Debug|Any CPU
		{AA637B7F-D732-4C68-95E5-25B4B1DF115B}.Debug|Any CPU.Build.0 = Debug|Any CPU
		{AA637B7F-D732-4C68-95E5-25B4B1DF115B}.Release|Any CPU.ActiveCfg = Release|Any CPU
		{AA637B7F-D732-4C68-95E5-25B4B1DF115B}.Release|Any CPU.Build.0 = Release|Any CPU
	EndGlobalSection
	GlobalSection(SolutionProperties) = preSolution
		HideSolutionNode = FALSE
	EndGlobalSection
	GlobalSection(ExtensibilityGlobals) = postSolution
		SolutionGuid = {EF3B77A2-0F36-4415-8DCD-7A827B7C1693}
	EndGlobalSection
EndGlobal
